
Microsoft Visual Studio Solution File, Format Version 12.00
# Visual Studio Version 16
VisualStudioVersion = 16.0.29505.145
MinimumVisualStudioVersion = 10.0.40219.1
Project("{FAE04EC0-301F-11D3-BF4B-00C04F79EFBC}") = "POO-19B-CuadradoMagico", "POO-19B-CuadradoMagico.csproj", "{752F41A1-751A-472F-B0D2-56DAA87A97DA}"
EndProject
Global
	GlobalSection(SolutionConfigurationPlatforms) = preSolution
		Debug|Any CPU = Debug|Any CPU
		Release|Any CPU = Release|Any CPU
	EndGlobalSection
	GlobalSection(ProjectConfigurationPlatforms) = postSolution
		{752F41A1-751A-472F-B0D2-56DAA87A97DA}.Debug|Any CPU.ActiveCfg = Debug|Any CPU
		{752F41A1-751A-472F-B0D2-56DAA87A97DA}.Debug|Any CPU.Build.0 = Debug|Any CPU
		{752F41A1-751A-472F-B0D2-56DAA87A97DA}.Release|Any CPU.ActiveCfg = Release|Any CPU
		{752F41A1-751A-472F-B0D2-56DAA87A97DA}.Release|Any CPU.Build.0 = Release|Any CPU
	EndGlobalSection
	GlobalSection(SolutionProperties) = preSolution
		HideSolutionNode = FALSE
	EndGlobalSection
	GlobalSection(ExtensibilityGlobals) = postSolution
		SolutionGuid = {3FBFE8A8-011B-46B5-94A9-9B4B0C42DD1B}
	EndGlobalSection
EndGlobal
